
Microsoft Visual Studio Solution File, Format Version 11.00
# Visual Studio 2010
# SharpDevelop 5.1
Project("{FAE04EC0-301F-11D3-BF4B-00C04F79EFBC}") = "EduGit", "EduGit.csproj", "{00955E0B-C111-4739-B4B7-0A2DFDD53390}"
EndProject
Project("{FAE04EC0-301F-11D3-BF4B-00C04F79EFBC}") = "Logger", "..\Logger\Logger.csproj", "{60CF2445-31A9-4AD6-992B-050F90D185C5}"
EndProject
Global
	GlobalSection(SolutionConfigurationPlatforms) = preSolution
		Debug|Any CPU = Debug|Any CPU
		Release|Any CPU = Release|Any CPU
	EndGlobalSection
	GlobalSection(ProjectConfigurationPlatforms) = postSolution
		{00955E0B-C111-4739-B4B7-0A2DFDD53390}.Debug|Any CPU.ActiveCfg = Debug|Any CPU
		{00955E0B-C111-4739-B4B7-0A2DFDD53390}.Debug|Any CPU.Build.0 = Debug|Any CPU
		{00955E0B-C111-4739-B4B7-0A2DFDD53390}.Release|Any CPU.ActiveCfg = Release|Any CPU
		{00955E0B-C111-4739-B4B7-0A2DFDD53390}.Release|Any CPU.Build.0 = Release|Any CPU
		{60CF2445-31A9-4AD6-992B-050F90D185C5}.Debug|Any CPU.ActiveCfg = Debug|Any CPU
		{60CF2445-31A9-4AD6-992B-050F90D185C5}.Debug|Any CPU.Build.0 = Debug|Any CPU
		{60CF2445-31A9-4AD6-992B-050F90D185C5}.Release|Any CPU.ActiveCfg = Release|Any CPU
		{60CF2445-31A9-4AD6-992B-050F90D185C5}.Release|Any CPU.Build.0 = Release|Any CPU
	EndGlobalSection
EndGlobal
